// !$*UTF8*$!
{
	archiveVersion = 1;
	classes = {
	};
	objectVersion = 46;
	objects = {

/* Begin PBXBuildFile section */
		14F78EC926DCBC5D0015C98D /* Pods_StoryBoardPractice3.framework in Frameworks */ = {isa = PBXBuildFile; fileRef = FC3A59F7EC793E70C04811B1 /* Pods_StoryBoardPractice3.framework */; };
		34F7C6BC1EBF296700D4D07F /* AppDelegate.swift in Sources */ = {isa = PBXBuildFile; fileRef = 34F7C6BB1EBF296700D4D07F /* AppDelegate.swift */; };
		34F7C6BE1EBF296700D4D07F /* ViewController.swift in Sources */ = {isa = PBXBuildFile; fileRef = 34F7C6BD1EBF296700D4D07F /* ViewController.swift */; };
		34F7C6C11EBF296700D4D07F /* Main.storyboard in Resources */ = {isa = PBXBuildFile; fileRef = 34F7C6BF1EBF296700D4D07F /* Main.storyboard */; };
		34F7C6C31EBF296700D4D07F /* Assets.xcassets in Resources */ = {isa = PBXBuildFile; fileRef = 34F7C6C21EBF296700D4D07F /* Assets.xcassets */; };
		34F7C6C61EBF296700D4D07F /* LaunchScreen.storyboard in Resources */ = {isa = PBXBuildFile; fileRef = 34F7C6C41EBF296700D4D07F /* LaunchScreen.storyboard */; };
/* End PBXBuildFile section */

/* Begin PBXFileReference section */
		1B9DB40ACC9E794C93019CF6 /* Pods-StoryBoardPractice3.debug.xcconfig */ = {isa = PBXFileReference; includeInIndex = 1; lastKnownFileType = text.xcconfig; name = "Pods-StoryBoardPractice3.debug.xcconfig"; path = "Pods/Target Support Files/Pods-StoryBoardPractice3/Pods-StoryBoardPractice3.debug.xcconfig"; sourceTree = "<group>"; };
		34F7C6B81EBF296700D4D07F /* StoryBoardPractice3.app */ = {isa = PBXFileReference; explicitFileType = wrapper.application; includeInIndex = 0; path = StoryBoardPractice3.app; sourceTree = BUILT_PRODUCTS_DIR; };
		34F7C6BB1EBF296700D4D07F /* AppDelegate.swift */ = {isa = PBXFileReference; lastKnownFileType = sourcecode.swift; path = AppDelegate.swift; sourceTree = "<group>"; };
		34F7C6BD1EBF296700D4D07F /* ViewController.swift */ = {isa = PBXFileReference; lastKnownFileType = sourcecode.swift; path = ViewController.swift; sourceTree = "<group>"; };
		34F7C6C01EBF296700D4D07F /* Base */ = {isa = PBXFileReference; lastKnownFileType = file.storyboard; name = Base; path = Base.lproj/Main.storyboard; sourceTree = "<group>"; };
		34F7C6C21EBF296700D4D07F /* Assets.xcassets */ = {isa = PBXFileReference; lastKnownFileType = folder.assetcatalog; path = Assets.xcassets; sourceTree = "<group>"; };
		34F7C6C51EBF296700D4D07F /* Base */ = {isa = PBXFileReference; lastKnownFileType = file.storyboard; name = Base; path = Base.lproj/LaunchScreen.storyboard; sourceTree = "<group>"; };
		34F7C6C71EBF296700D4D07F /* Info.plist */ = {isa = PBXFileReference; lastKnownFileType = text.plist.xml; path = Info.plist; sourceTree = "<group>"; };
		73E376F3A57E7488AD6321D6 /* Pods-StoryBoardPractice3.release.xcconfig */ = {isa = PBXFileReference; includeInIndex = 1; lastKnownFileType = text.xcconfig; name = "Pods-StoryBoardPractice3.release.xcconfig"; path = "Pods/Target Support Files/Pods-StoryBoardPractice3/Pods-StoryBoardPractice3.release.xcconfig"; sourceTree = "<group>"; };
		FC3A59F7EC793E70C04811B1 /* Pods_StoryBoardPractice3.framework */ = {isa = PBXFileReference; explicitFileType = wrapper.framework; includeInIndex = 0; path = Pods_StoryBoardPractice3.framework; sourceTree = BUILT_PRODUCTS_DIR; };
/* End PBXFileReference section */

/* Begin PBXFrameworksBuildPhase section */
		34F7C6B51EBF296700D4D07F /* Frameworks */ = {
			isa = PBXFrameworksBuildPhase;
			buildActionMask = 2147483647;
			files = (
				14F78EC926DCBC5D0015C98D /* Pods_StoryBoardPractice3.framework in Frameworks */,
			);
			runOnlyForDeploymentPostprocessing = 0;
		};
/* End PBXFrameworksBuildPhase section */

/* Begin PBXGroup section */
		2F274B0F816AD2AE1C1BDFFA /* Frameworks */ = {
			isa = PBXGroup;
			children = (
				FC3A59F7EC793E70C04811B1 /* Pods_StoryBoardPractice3.framework */,
			);
			name = Frameworks;
			sourceTree = "<group>";
		};
		34F7C6AF1EBF296700D4D07F = {
			isa = PBXGroup;
			children = (
				34F7C6BA1EBF296700D4D07F /* StoryBoardPractice3 */,
				34F7C6B91EBF296700D4D07F /* Products */,
				7A2E8FF2C4E5F429E3F6532F /* Pods */,
				2F274B0F816AD2AE1C1BDFFA /* Frameworks */,
			);
			sourceTree = "<group>";
		};
		34F7C6B91EBF296700D4D07F /* Products */ = {
			isa = PBXGroup;
			children = (
				34F7C6B81EBF296700D4D07F /* StoryBoardPractice3.app */,
			);
			name = Products;
			sourceTree = "<group>";
		};
		34F7C6BA1EBF296700D4D07F /* StoryBoardPractice3 */ = {
			isa = PBXGroup;
			children = (
				34F7C6BB1EBF296700D4D07F /* AppDelegate.swift */,
				34F7C6BD1EBF296700D4D07F /* ViewController.swift */,
				34F7C6BF1EBF296700D4D07F /* Main.storyboard */,
				34F7C6C21EBF296700D4D07F /* Assets.xcassets */,
				34F7C6C41EBF296700D4D07F /* LaunchScreen.storyboard */,
				34F7C6C71EBF296700D4D07F /* Info.plist */,
			);
			path = StoryBoardPractice3;
			sourceTree = "<group>";
		};
		7A2E8FF2C4E5F429E3F6532F /* Pods */ = {
			isa = PBXGroup;
			children = (
				1B9DB40ACC9E794C93019CF6 /* Pods-StoryBoardPractice3.debug.xcconfig */,
				73E376F3A57E7488AD6321D6 /* Pods-StoryBoardPractice3.release.xcconfig */,
			);
			name = Pods;
			sourceTree = "<group>";
		};
/* End PBXGroup section */

/* Begin PBXNativeTarget section */
		34F7C6B71EBF296700D4D07F /* StoryBoardPractice3 */ = {
			isa = PBXNativeTarget;
			buildConfigurationList = 34F7C6CA1EBF296700D4D07F /* Build configuration list for PBXNativeTarget "StoryBoardPractice3" */;
			buildPhases = (
				975BEFA05D5B4D67356AE5C2 /* [CP] Check Pods Manifest.lock */,
				34F7C6B41EBF296700D4D07F /* Sources */,
				34F7C6B51EBF296700D4D07F /* Frameworks */,
				34F7C6B61EBF296700D4D07F /* Resources */,
				6D909A986C142E4E575FEE2F /* [CP] Embed Pods Frameworks */,
				F4DE56177B079C4D988253F9 /* [CP] Copy Pods Resources */,
			);
			buildRules = (
			);
			dependencies = (
			);
			name = StoryBoardPractice3;
			productName = StoryBoardPractice3;
			productReference = 34F7C6B81EBF296700D4D07F /* StoryBoardPractice3.app */;
			productType = "com.apple.product-type.application";
		};
/* End PBXNativeTarget section */

/* Begin PBXProject section */
		34F7C6B01EBF296700D4D07F /* Project object */ = {
			isa = PBXProject;
			attributes = {
				LastSwiftUpdateCheck = 0730;
				LastUpgradeCheck = 0830;
				ORGANIZATIONNAME = "mao takagai";
				TargetAttributes = {
					34F7C6B71EBF296700D4D07F = {
						CreatedOnToolsVersion = 7.3.1;
						DevelopmentTeam = 3U5M63RLXB;
						LastSwiftMigration = 0800;
					};
				};
			};
			buildConfigurationList = 34F7C6B31EBF296700D4D07F /* Build configuration list for PBXProject "StoryBoardPractice3" */;
			compatibilityVersion = "Xcode 3.2";
			developmentRegion = English;
			hasScannedForEncodings = 0;
			knownRegions = (
				en,
				Base,
			);
			mainGroup = 34F7C6AF1EBF296700D4D07F;
			productRefGroup = 34F7C6B91EBF296700D4D07F /* Products */;
			projectDirPath = "";
			projectRoot = "";
			targets = (
				34F7C6B71EBF296700D4D07F /* StoryBoardPractice3 */,
			);
		};
/* End PBXProject section */

/* Begin PBXResourcesBuildPhase section */
		34F7C6B61EBF296700D4D07F /* Resources */ = {
			isa = PBXResourcesBuildPhase;
			buildActionMask = 2147483647;
			files = (
				34F7C6C61EBF296700D4D07F /* LaunchScreen.storyboard in Resources */,
				34F7C6C31EBF296700D4D07F /* Assets.xcassets in Resources */,
				34F7C6C11EBF296700D4D07F /* Main.storyboard in Resources */,
			);
			runOnlyForDeploymentPostprocessing = 0;
		};
/* End PBXResourcesBuildPhase section */

/* Begin PBXShellScriptBuildPhase section */
		6D909A986C142E4E575FEE2F /* [CP] Embed Pods Frameworks */ = {
			isa = PBXShellScriptBuildPhase;
			buildActionMask = 2147483647;
			files = (
			);
			inputPaths = (
			);
			name = "[CP] Embed Pods Frameworks";
			outputPaths = (
			);
			runOnlyForDeploymentPostprocessing = 0;
			shellPath = /bin/sh;
			shellScript = "\"${SRCROOT}/Pods/Target Support Files/Pods-StoryBoardPractice3/Pods-StoryBoardPractice3-frameworks.sh\"\n";
			showEnvVarsInLog = 0;
		};
		975BEFA05D5B4D67356AE5C2 /* [CP] Check Pods Manifest.lock */ = {
			isa = PBXShellScriptBuildPhase;
			buildActionMask = 2147483647;
			files = (
			);
			inputPaths = (
			);
			name = "[CP] Check Pods Manifest.lock";
			outputPaths = (
			);
			runOnlyForDeploymentPostprocessing = 0;
			shellPath = /bin/sh;
			shellScript = "diff \"${PODS_PODFILE_DIR_PATH}/Podfile.lock\" \"${PODS_ROOT}/Manifest.lock\" > /dev/null\nif [ $? != 0 ] ; then\n    # print error to STDERR\n    echo \"error: The sandbox is not in sync with the Podfile.lock. Run 'pod install' or update your CocoaPods installation.\" >&2\n    exit 1\nfi\n";
			showEnvVarsInLog = 0;
		};
		F4DE56177B079C4D988253F9 /* [CP] Copy Pods Resources */ = {
			isa = PBXShellScriptBuildPhase;
			buildActionMask = 2147483647;
			files = (
			);
			inputPaths = (
			);
			name = "[CP] Copy Pods Resources";
			outputPaths = (
			);
			runOnlyForDeploymentPostprocessing = 0;
			shellPath = /bin/sh;
			shellScript = "\"${SRCROOT}/Pods/Target Support Files/Pods-StoryBoardPractice3/Pods-StoryBoardPractice3-resources.sh\"\n";
			showEnvVarsInLog = 0;
		};
/* End PBXShellScriptBuildPhase section */

/* Begin PBXSourcesBuildPhase section */
		34F7C6B41EBF296700D4D07F /* Sources */ = {
			isa = PBXSourcesBuildPhase;
			buildActionMask = 2147483647;
			files = (
				34F7C6BE1EBF296700D4D07F /* ViewController.swift in Sources */,
				34F7C6BC1EBF296700D4D07F /* AppDelegate.swift in Sources */,
			);
			runOnlyForDeploymentPostprocessing = 0;
		};
/* End PBXSourcesBuildPhase section */

/* Begin PBXVariantGroup section */
		34F7C6BF1EBF296700D4D07F /* Main.storyboard */ = {
			isa = PBXVariantGroup;
			children = (
				34F7C6C01EBF296700D4D07F /* Base */,
			);
			name = Main.storyboard;
			sourceTree = "<group>";
		};
		34F7C6C41EBF296700D4D07F /* LaunchScreen.storyboard */ = {
			isa = PBXVariantGroup;
			children = (
				34F7C6C51EBF296700D4D07F /* Base */,
			);
			name = LaunchScreen.storyboard;
			sourceTree = "<group>";
		};
/* End PBXVariantGroup section */

/* Begin XCBuildConfiguration section */
		34F7C6C81EBF296700D4D07F /* Debug */ = {
			isa = XCBuildConfiguration;
			buildSettings = {
				ALWAYS_SEARCH_USER_PATHS = NO;
				CLANG_ANALYZER_NONNULL = YES;
				CLANG_CXX_LANGUAGE_STANDARD = "gnu++0x";
				CLANG_CXX_LIBRARY = "libc++";
				CLANG_ENABLE_MODULES = YES;
				CLANG_ENABLE_OBJC_ARC = YES;
				CLANG_WARN_BOOL_CONVERSION = YES;
				CLANG_WARN_CONSTANT_CONVERSION = YES;
				CLANG_WARN_DIRECT_OBJC_ISA_USAGE = YES_ERROR;
				CLANG_WARN_EMPTY_BODY = YES;
				CLANG_WARN_ENUM_CONVERSION = YES;
				CLANG_WARN_INFINITE_RECURSION = YES;
				CLANG_WARN_INT_CONVERSION = YES;
				CLANG_WARN_OBJC_ROOT_CLASS = YES_ERROR;
				CLANG_WARN_SUSPICIOUS_MOVE = YES;
				CLANG_WARN_UNREACHABLE_CODE = YES;
				CLANG_WARN__DUPLICATE_METHOD_MATCH = YES;
				"CODE_SIGN_IDENTITY[sdk=iphoneos*]" = "iPhone Developer";
				COPY_PHASE_STRIP = NO;
				DEBUG_INFORMATION_FORMAT = dwarf;
				ENABLE_STRICT_OBJC_MSGSEND = YES;
				ENABLE_TESTABILITY = YES;
				GCC_C_LANGUAGE_STANDARD = gnu99;
				GCC_DYNAMIC_NO_PIC = NO;
				GCC_NO_COMMON_BLOCKS = YES;
				GCC_OPTIMIZATION_LEVEL = 0;
				GCC_PREPROCESSOR_DEFINITIONS = (
					"DEBUG=1",
					"$(inherited)",
				);
				GCC_WARN_64_TO_32_BIT_CONVERSION = YES;
				GCC_WARN_ABOUT_RETURN_TYPE = YES_ERROR;
				GCC_WARN_UNDECLARED_SELECTOR = YES;
				GCC_WARN_UNINITIALIZED_AUTOS = YES_AGGRESSIVE;
				GCC_WARN_UNUSED_FUNCTION = YES;
				GCC_WARN_UNUSED_VARIABLE = YES;
				IPHONEOS_DEPLOYMENT_TARGET = 9.3;
				MTL_ENABLE_DEBUG_INFO = YES;
				ONLY_ACTIVE_ARCH = YES;
				SDKROOT = iphoneos;
				SWIFT_OPTIMIZATION_LEVEL = "-Onone";
				TARGETED_DEVICE_FAMILY = "1,2";
			};
			name = Debug;
		};
		34F7C6C91EBF296700D4D07F /* Release */ = {
			isa = XCBuildConfiguration;
			buildSettings = {
				ALWAYS_SEARCH_USER_PATHS = NO;
				CLANG_ANALYZER_NONNULL = YES;
				CLANG_CXX_LANGUAGE_STANDARD = "gnu++0x";
				CLANG_CXX_LIBRARY = "libc++";
				CLANG_ENABLE_MODULES = YES;
				CLANG_ENABLE_OBJC_ARC = YES;
				CLANG_WARN_BOOL_CONVERSION = YES;
				CLANG_WARN_CONSTANT_CONVERSION = YES;
				CLANG_WARN_DIRECT_OBJC_ISA_USAGE = YES_ERROR;
				CLANG_WARN_EMPTY_BODY = YES;
				CLANG_WARN_ENUM_CONVERSION = YES;
				CLANG_WARN_INFINITE_RECURSION = YES;
				CLANG_WARN_INT_CONVERSION = YES;
				CLANG_WARN_OBJC_ROOT_CLASS = YES_ERROR;
				CLANG_WARN_SUSPICIOUS_MOVE = YES;
				CLANG_WARN_UNREACHABLE_CODE = YES;
				CLANG_WARN__DUPLICATE_METHOD_MATCH = YES;
				"CODE_SIGN_IDENTITY[sdk=iphoneos*]" = "iPhone Developer";
				COPY_PHASE_STRIP = NO;
				DEBUG_INFORMATION_FORMAT = "dwarf-with-dsym";
				ENABLE_NS_ASSERTIONS = NO;
				ENABLE_STRICT_OBJC_MSGSEND = YES;
				GCC_C_LANGUAGE_STANDARD = gnu99;
				GCC_NO_COMMON_BLOCKS = YES;
				GCC_WARN_64_TO_32_BIT_CONVERSION = YES;
				GCC_WARN_ABOUT_RETURN_TYPE = YES_ERROR;
				GCC_WARN_UNDECLARED_SELECTOR = YES;
				GCC_WARN_UNINITIALIZED_AUTOS = YES_AGGRESSIVE;
				GCC_WARN_UNUSED_FUNCTION = YES;
				GCC_WARN_UNUSED_VARIABLE = YES;
				IPHONEOS_DEPLOYMENT_TARGET = 9.3;
				MTL_ENABLE_DEBUG_INFO = NO;
				SDKROOT = iphoneos;
				SWIFT_OPTIMIZATION_LEVEL = "-Owholemodule";
				TARGETED_DEVICE_FAMILY = "1,2";
				VALIDATE_PRODUCT = YES;
			};
			name = Release;
		};
		34F7C6CB1EBF296700D4D07F /* Debug */ = {
			isa = XCBuildConfiguration;
			baseConfigurationReference = 1B9DB40ACC9E794C93019CF6 /* Pods-StoryBoardPractice3.debug.xcconfig */;
			buildSettings = {
				ASSETCATALOG_COMPILER_APPICON_NAME = AppIcon;
				DEVELOPMENT_TEAM = 3U5M63RLXB;
				INFOPLIST_FILE = StoryBoardPractice3/Info.plist;
				LD_RUNPATH_SEARCH_PATHS = "$(inherited) @executable_path/Frameworks";
				PRODUCT_BUNDLE_IDENTIFIER = com.example.StoryBoardPractice3;
				PRODUCT_NAME = "$(TARGET_NAME)";
				SWIFT_VERSION = 3.0;
			};
			name = Debug;
		};
		34F7C6CC1EBF296700D4D07F /* Release */ = {
			isa = XCBuildConfiguration;
			baseConfigurationReference = 73E376F3A57E7488AD6321D6 /* Pods-StoryBoardPractice3.release.xcconfig */;
			buildSettings = {
				ASSETCATALOG_COMPILER_APPICON_NAME = AppIcon;
				DEVELOPMENT_TEAM = 3U5M63RLXB;
				INFOPLIST_FILE = StoryBoardPractice3/Info.plist;
				LD_RUNPATH_SEARCH_PATHS = "$(inherited) @executable_path/Frameworks";
				PRODUCT_BUNDLE_IDENTIFIER = com.example.StoryBoardPractice3;
				PRODUCT_NAME = "$(TARGET_NAME)";
				SWIFT_VERSION = 3.0;
			};
			name = Release;
		};
/* End XCBuildConfiguration section */

/* Begin XCConfigurationList section */
		34F7C6B31EBF296700D4D07F /* Build configuration list for PBXProject "StoryBoardPractice3" */ = {
			isa = XCConfigurationList;
			buildConfigurations = (
				34F7C6C81EBF296700D4D07F /* Debug */,
				34F7C6C91EBF296700D4D07F /* Release */,
			);
			defaultConfigurationIsVisible = 0;
			defaultConfigurationName = Release;
		};
		34F7C6CA1EBF296700D4D07F /* Build configuration list for PBXNativeTarget "StoryBoardPractice3" */ = {
			isa = XCConfigurationList;
			buildConfigurations = (
				34F7C6CB1EBF296700D4D07F /* Debug */,
				34F7C6CC1EBF296700D4D07F /* Release */,
			);
			defaultConfigurationIsVisible = 0;
			defaultConfigurationName = Release;
		};
/* End XCConfigurationList section */
	};
	rootObject = 34F7C6B01EBF296700D4D07F /* Project object */;
}
